
Microsoft Visual Studio Solution File, Format Version 12.00
# Visual Studio 15
VisualStudioVersion = 15.0.28307.421
MinimumVisualStudioVersion = 10.0.40219.1
Project("{FAE04EC0-301F-11D3-BF4B-00C04F79EFBC}") = "FinalProject", "FinalProject\FinalProject.csproj", "{BF00E834-094E-4ED2-83FC-621E8E233543}"
EndProject
Global
	GlobalSection(SolutionConfigurationPlatforms) = preSolution
		Debug|Any CPU = Debug|Any CPU
		Release|Any CPU = Release|Any CPU
	EndGlobalSection
	GlobalSection(ProjectConfigurationPlatforms) = postSolution
		{BF00E834-094E-4ED2-83FC-621E8E233543}.Debug|Any CPU.ActiveCfg = Debug|Any CPU
		{BF00E834-094E-4ED2-83FC-621E8E233543}.Debug|Any CPU.Build.0 = Debug|Any CPU
		{BF00E834-094E-4ED2-83FC-621E8E233543}.Release|Any CPU.ActiveCfg = Release|Any CPU
		{BF00E834-094E-4ED2-83FC-621E8E233543}.Release|Any CPU.Build.0 = Release|Any CPU
	EndGlobalSection
	GlobalSection(SolutionProperties) = preSolution
		HideSolutionNode = FALSE
	EndGlobalSection
	GlobalSection(ExtensibilityGlobals) = postSolution
		SolutionGuid = {8EABDA6E-AF90-43C6-AA51-F252A49E9E65}
	EndGlobalSection
EndGlobal
